<?xml version="1.0" encoding="utf-8"?>
<Project ToolsVersion="4.0" xmlns="http://schemas.microsoft.com/developer/msbuild/2003">
  <ItemGroup>
    <Filter Include="Source Files">
      <UniqueIdentifier>{4FC737F1-C7A5-4376-A066-2A32D752A2FF}</UniqueIdentifier>
      <Extensions>cpp;c;cc;cxx;c++;cppm;ixx;def;odl;idl;hpj;bat;asm;asmx</Extensions>
    </Filter>
    <Filter Include="Header Files">
      <UniqueIdentifier>{93995380-89BD-4b04-88EB-625FBE52EBFB}</UniqueIdentifier>
      <Extensions>h;hh;hpp;hxx;h++;hm;inl;inc;ipp;xsd</Extensions>
    </Filter>
    <Filter Include="Resource Files">
      <UniqueIdentifier>{67DA6AB6-F800-4c08-8B7A-83BB121AAD01}</UniqueIdentifier>
      <Extensions>rc;ico;cur;bmp;dlg;rc2;rct;bin;rgs;gif;jpg;jpeg;jpe;resx;tiff;tif;png;wav;mfcribbon-ms</Extensions>
    </Filter>
  </ItemGroup>
  <ItemGroup>
    <ClCompile Include="main.cpp">
      <Filter>Source Files</Filter>
    </ClCompile>
    <ClCompile Include="vulkan26.ixx">
      <Filter>Source Files</Filter>
    </ClCompile>
    <ClCompile Include="win32\win32.ixx">
      <Filter>Source Files</Filter>
    </ClCompile>
    <ClCompile Include="vulkan\vulkan.ixx">
      <Filter>Source Files</Filter>
    </ClCompile>
    <ClCompile Include="sdl3\exports.ixx">
      <Filter>Source Files</Filter>
    </ClCompile>
    <ClCompile Include="vulkan\exports.ixx">
      <Filter>Source Files</Filter>
    </ClCompile>
    <ClCompile Include="vulkan\error.ixx">
      <Filter>Source Files</Filter>
    </ClCompile>
    <ClCompile Include="vulkan\instance.ixx">
      <Filter>Source Files</Filter>
    </ClCompile>
    <ClCompile Include="sdl3\sdl3.ixx">
      <Filter>Source Files</Filter>
    </ClCompile>
    <ClCompile Include="sdl3\misc.ixx">
      <Filter>Source Files</Filter>
    </ClCompile>
    <ClCompile Include="sdl3\error.ixx">
      <Filter>Source Files</Filter>
    </ClCompile>
    <ClCompile Include="raii\raii.ixx">
      <Filter>Source Files</Filter>
    </ClCompile>
    <ClCompile Include="vulkan\device.ixx">
      <Filter>Source Files</Filter>
    </ClCompile>
    <ClCompile Include="vulkan\physicaldevice.ixx">
      <Filter>Source Files</Filter>
    </ClCompile>
    <ClCompile Include="vma\allocator.ixx">
      <Filter>Source Files</Filter>
    </ClCompile>
    <ClCompile Include="sdl3\window.ixx">
      <Filter>Source Files</Filter>
    </ClCompile>
    <ClCompile Include="vulkan\surface.ixx">
      <Filter>Source Files</Filter>
    </ClCompile>
    <ClCompile Include="glm\exports.ixx">
      <Filter>Source Files</Filter>
    </ClCompile>
    <ClCompile Include="glm\glm.ixx">
      <Filter>Source Files</Filter>
    </ClCompile>
    <ClCompile Include="error\error.ixx">
      <Filter>Source Files</Filter>
    </ClCompile>
    <ClCompile Include="vulkan\swapchain.ixx">
      <Filter>Source Files</Filter>
    </ClCompile>
    <ClCompile Include="vulkan\image.ixx">
      <Filter>Source Files</Filter>
    </ClCompile>
    <ClCompile Include="vulkan\resource.ixx">
      <Filter>Source Files</Filter>
    </ClCompile>
    <ClCompile Include="util\util.ixx">
      <Filter>Source Files</Filter>
    </ClCompile>
    <ClCompile Include="tinyobj\exports.ixx">
      <Filter>Source Files</Filter>
    </ClCompile>
    <ClCompile Include="tinyobj\tinyobj.ixx">
      <Filter>Source Files</Filter>
    </ClCompile>
    <ClCompile Include="tinyobj\functions.ixx">
      <Filter>Source Files</Filter>
    </ClCompile>
    <ClCompile Include="mesh\mesh.ixx">
      <Filter>Source Files</Filter>
    </ClCompile>
    <ClCompile Include="vma\buffer.ixx">
      <Filter>Source Files</Filter>
    </ClCompile>
    <ClCompile Include="vma\exports.ixx">
      <Filter>Source Files</Filter>
    </ClCompile>
    <ClCompile Include="vma\vma.ixx">
      <Filter>Source Files</Filter>
    </ClCompile>
    <ClCompile Include="vulkan\impl.cpp">
      <Filter>Source Files</Filter>
    </ClCompile>
    <ClCompile Include="vma\image.ixx">
      <Filter>Source Files</Filter>
    </ClCompile>
    <ClCompile Include="vulkan\semaphore.ixx">
      <Filter>Source Files</Filter>
    </ClCompile>
    <ClCompile Include="vulkan\fence.ixx">
      <Filter>Source Files</Filter>
    </ClCompile>
    <ClCompile Include="ktx\ktx.ixx">
      <Filter>Source Files</Filter>
    </ClCompile>
    <ClCompile Include="ktx\exports.ixx">
      <Filter>Source Files</Filter>
    </ClCompile>
    <ClCompile Include="vulkan\command.ixx">
      <Filter>Source Files</Filter>
    </ClCompile>
  </ItemGroup>
  <ItemGroup>
    <None Include="vcpkg.json" />
    <None Include="README.md" />
  </ItemGroup>
</Project>